// !$*UTF8*$!
{
	archiveVersion = 1;
	classes = {
	};
	objectVersion = 46;
	objects = {

/* Begin PBXBuildFile section */
		1D1AFD711893F6780022C53E /* Foundation.framework in Frameworks */ = {isa = PBXBuildFile; fileRef = 1D1AFD701893F6780022C53E /* Foundation.framework */; };
		1D1AFD731893F6780022C53E /* CoreGraphics.framework in Frameworks */ = {isa = PBXBuildFile; fileRef = 1D1AFD721893F6780022C53E /* CoreGraphics.framework */; };
		1D1AFD751893F6780022C53E /* UIKit.framework in Frameworks */ = {isa = PBXBuildFile; fileRef = 1D1AFD741893F6780022C53E /* UIKit.framework */; };
		1D1AFD7B1893F6780022C53E /* InfoPlist.strings in Resources */ = {isa = PBXBuildFile; fileRef = 1D1AFD791893F6780022C53E /* InfoPlist.strings */; };
		1D1AFD7D1893F6780022C53E /* main.m in Sources */ = {isa = PBXBuildFile; fileRef = 1D1AFD7C1893F6780022C53E /* main.m */; };
		1D1AFD811893F6780022C53E /* AppDelegate.m in Sources */ = {isa = PBXBuildFile; fileRef = 1D1AFD801893F6780022C53E /* AppDelegate.m */; };
		1D1AFD891893F6780022C53E /* Images.xcassets in Resources */ = {isa = PBXBuildFile; fileRef = 1D1AFD881893F6780022C53E /* Images.xcassets */; };
		1D1AFD901893F6780022C53E /* XCTest.framework in Frameworks */ = {isa = PBXBuildFile; fileRef = 1D1AFD8F1893F6780022C53E /* XCTest.framework */; };
		1D1AFD911893F6780022C53E /* Foundation.framework in Frameworks */ = {isa = PBXBuildFile; fileRef = 1D1AFD701893F6780022C53E /* Foundation.framework */; };
		1D1AFD921893F6780022C53E /* UIKit.framework in Frameworks */ = {isa = PBXBuildFile; fileRef = 1D1AFD741893F6780022C53E /* UIKit.framework */; };
		1D1AFD9A1893F6780022C53E /* InfoPlist.strings in Resources */ = {isa = PBXBuildFile; fileRef = 1D1AFD981893F6780022C53E /* InfoPlist.strings */; };
		1D1AFD9C1893F6780022C53E /* KiwiTests.m in Sources */ = {isa = PBXBuildFile; fileRef = 1D1AFD9B1893F6780022C53E /* KiwiTests.m */; };
		1D1AFDAC1893F83A0022C53E /* CoreMotion.framework in Frameworks */ = {isa = PBXBuildFile; fileRef = 1D1AFDAB1893F83A0022C53E /* CoreMotion.framework */; };
		1D1AFDAE1893F86B0022C53E /* CFNetwork.framework in Frameworks */ = {isa = PBXBuildFile; fileRef = 1D1AFDAD1893F86B0022C53E /* CFNetwork.framework */; };
		1D1AFDB01893F8760022C53E /* CoreLocation.framework in Frameworks */ = {isa = PBXBuildFile; fileRef = 1D1AFDAF1893F8760022C53E /* CoreLocation.framework */; };
		1D1AFDB21893F88B0022C53E /* MessageUI.framework in Frameworks */ = {isa = PBXBuildFile; fileRef = 1D1AFDB11893F88B0022C53E /* MessageUI.framework */; };
		1D1AFDB41893F8960022C53E /* CoreBluetooth.framework in Frameworks */ = {isa = PBXBuildFile; fileRef = 1D1AFDB31893F8960022C53E /* CoreBluetooth.framework */; };
		1D1AFDB61893F8A20022C53E /* ExternalAccessory.framework in Frameworks */ = {isa = PBXBuildFile; fileRef = 1D1AFDB51893F8A20022C53E /* ExternalAccessory.framework */; };
		1D1AFDBC189431080022C53E /* libz.dylib in Frameworks */ = {isa = PBXBuildFile; fileRef = 1D1AFDBB189431080022C53E /* libz.dylib */; };
		1D1AFDC218945F430022C53E /* WeatherDataController.m in Sources */ = {isa = PBXBuildFile; fileRef = 1D1AFDC118945F430022C53E /* WeatherDataController.m */; };
		1D1AFDC318945F430022C53E /* WeatherDataController.m in Sources */ = {isa = PBXBuildFile; fileRef = 1D1AFDC118945F430022C53E /* WeatherDataController.m */; };
		1D1AFDC6189460E30022C53E /* PredictionController.m in Sources */ = {isa = PBXBuildFile; fileRef = 1D1AFDC5189460E30022C53E /* PredictionController.m */; };
		1D1AFDC7189460E30022C53E /* PredictionController.m in Sources */ = {isa = PBXBuildFile; fileRef = 1D1AFDC5189460E30022C53E /* PredictionController.m */; };
		1D1AFDCA1894613A0022C53E /* DataController.m in Sources */ = {isa = PBXBuildFile; fileRef = 1D1AFDC91894613A0022C53E /* DataController.m */; };
		1D1AFDCB1894613A0022C53E /* DataController.m in Sources */ = {isa = PBXBuildFile; fileRef = 1D1AFDC91894613A0022C53E /* DataController.m */; };
		1D1AFDD31894E4890022C53E /* PebbleKit.framework in Frameworks */ = {isa = PBXBuildFile; fileRef = 1D1AFDD21894E4890022C53E /* PebbleKit.framework */; };
		1D1AFDD41894E4890022C53E /* PebbleKit.framework in Frameworks */ = {isa = PBXBuildFile; fileRef = 1D1AFDD21894E4890022C53E /* PebbleKit.framework */; };
		1D1AFDD61894E4900022C53E /* PebbleVendor.framework in Frameworks */ = {isa = PBXBuildFile; fileRef = 1D1AFDD51894E4900022C53E /* PebbleVendor.framework */; };
		1D1AFDD71894E4900022C53E /* PebbleVendor.framework in Frameworks */ = {isa = PBXBuildFile; fileRef = 1D1AFDD51894E4900022C53E /* PebbleVendor.framework */; };
		1D25C7B418950BC100E45692 /* EventKit.framework in Frameworks */ = {isa = PBXBuildFile; fileRef = 1D25C7B318950BC100E45692 /* EventKit.framework */; };
		C9B436B018948B8C00FA2AA2 /* TrafficDataController.m in Sources */ = {isa = PBXBuildFile; fileRef = C9B436AF18948B8C00FA2AA2 /* TrafficDataController.m */; };
/* End PBXBuildFile section */

/* Begin PBXContainerItemProxy section */
		1D1AFD931893F6780022C53E /* PBXContainerItemProxy */ = {
			isa = PBXContainerItemProxy;
			containerPortal = 1D1AFD651893F6780022C53E /* Project object */;
			proxyType = 1;
			remoteGlobalIDString = 1D1AFD6C1893F6780022C53E;
			remoteInfo = Kiwi;
		};
/* End PBXContainerItemProxy section */

/* Begin PBXFileReference section */
		1D1AFD6D1893F6780022C53E /* Kiwi.app */ = {isa = PBXFileReference; explicitFileType = wrapper.application; includeInIndex = 0; path = Kiwi.app; sourceTree = BUILT_PRODUCTS_DIR; };
		1D1AFD701893F6780022C53E /* Foundation.framework */ = {isa = PBXFileReference; lastKnownFileType = wrapper.framework; name = Foundation.framework; path = System/Library/Frameworks/Foundation.framework; sourceTree = SDKROOT; };
		1D1AFD721893F6780022C53E /* CoreGraphics.framework */ = {isa = PBXFileReference; lastKnownFileType = wrapper.framework; name = CoreGraphics.framework; path = System/Library/Frameworks/CoreGraphics.framework; sourceTree = SDKROOT; };
		1D1AFD741893F6780022C53E /* UIKit.framework */ = {isa = PBXFileReference; lastKnownFileType = wrapper.framework; name = UIKit.framework; path = System/Library/Frameworks/UIKit.framework; sourceTree = SDKROOT; };
		1D1AFD781893F6780022C53E /* Kiwi-Info.plist */ = {isa = PBXFileReference; lastKnownFileType = text.plist.xml; path = "Kiwi-Info.plist"; sourceTree = "<group>"; };
		1D1AFD7A1893F6780022C53E /* en */ = {isa = PBXFileReference; lastKnownFileType = text.plist.strings; name = en; path = en.lproj/InfoPlist.strings; sourceTree = "<group>"; };
		1D1AFD7C1893F6780022C53E /* main.m */ = {isa = PBXFileReference; lastKnownFileType = sourcecode.c.objc; path = main.m; sourceTree = "<group>"; };
		1D1AFD7E1893F6780022C53E /* Kiwi-Prefix.pch */ = {isa = PBXFileReference; lastKnownFileType = sourcecode.c.h; path = "Kiwi-Prefix.pch"; sourceTree = "<group>"; };
		1D1AFD7F1893F6780022C53E /* AppDelegate.h */ = {isa = PBXFileReference; lastKnownFileType = sourcecode.c.h; path = AppDelegate.h; sourceTree = "<group>"; };
		1D1AFD801893F6780022C53E /* AppDelegate.m */ = {isa = PBXFileReference; lastKnownFileType = sourcecode.c.objc; path = AppDelegate.m; sourceTree = "<group>"; };
		1D1AFD881893F6780022C53E /* Images.xcassets */ = {isa = PBXFileReference; lastKnownFileType = folder.assetcatalog; path = Images.xcassets; sourceTree = "<group>"; };
		1D1AFD8E1893F6780022C53E /* KiwiTests.xctest */ = {isa = PBXFileReference; explicitFileType = wrapper.cfbundle; includeInIndex = 0; path = KiwiTests.xctest; sourceTree = BUILT_PRODUCTS_DIR; };
		1D1AFD8F1893F6780022C53E /* XCTest.framework */ = {isa = PBXFileReference; lastKnownFileType = wrapper.framework; name = XCTest.framework; path = Library/Frameworks/XCTest.framework; sourceTree = DEVELOPER_DIR; };
		1D1AFD971893F6780022C53E /* KiwiTests-Info.plist */ = {isa = PBXFileReference; lastKnownFileType = text.plist.xml; path = "KiwiTests-Info.plist"; sourceTree = "<group>"; };
		1D1AFD991893F6780022C53E /* en */ = {isa = PBXFileReference; lastKnownFileType = text.plist.strings; name = en; path = en.lproj/InfoPlist.strings; sourceTree = "<group>"; };
		1D1AFD9B1893F6780022C53E /* KiwiTests.m */ = {isa = PBXFileReference; lastKnownFileType = sourcecode.c.objc; path = KiwiTests.m; sourceTree = "<group>"; };
		1D1AFDAB1893F83A0022C53E /* CoreMotion.framework */ = {isa = PBXFileReference; lastKnownFileType = wrapper.framework; name = CoreMotion.framework; path = System/Library/Frameworks/CoreMotion.framework; sourceTree = SDKROOT; };
		1D1AFDAD1893F86B0022C53E /* CFNetwork.framework */ = {isa = PBXFileReference; lastKnownFileType = wrapper.framework; name = CFNetwork.framework; path = System/Library/Frameworks/CFNetwork.framework; sourceTree = SDKROOT; };
		1D1AFDAF1893F8760022C53E /* CoreLocation.framework */ = {isa = PBXFileReference; lastKnownFileType = wrapper.framework; name = CoreLocation.framework; path = System/Library/Frameworks/CoreLocation.framework; sourceTree = SDKROOT; };
		1D1AFDB11893F88B0022C53E /* MessageUI.framework */ = {isa = PBXFileReference; lastKnownFileType = wrapper.framework; name = MessageUI.framework; path = System/Library/Frameworks/MessageUI.framework; sourceTree = SDKROOT; };
		1D1AFDB31893F8960022C53E /* CoreBluetooth.framework */ = {isa = PBXFileReference; lastKnownFileType = wrapper.framework; name = CoreBluetooth.framework; path = System/Library/Frameworks/CoreBluetooth.framework; sourceTree = SDKROOT; };
		1D1AFDB51893F8A20022C53E /* ExternalAccessory.framework */ = {isa = PBXFileReference; lastKnownFileType = wrapper.framework; name = ExternalAccessory.framework; path = System/Library/Frameworks/ExternalAccessory.framework; sourceTree = SDKROOT; };
		1D1AFDBB189431080022C53E /* libz.dylib */ = {isa = PBXFileReference; lastKnownFileType = "compiled.mach-o.dylib"; name = libz.dylib; path = usr/lib/libz.dylib; sourceTree = SDKROOT; };
		1D1AFDC018945F430022C53E /* WeatherDataController.h */ = {isa = PBXFileReference; fileEncoding = 4; lastKnownFileType = sourcecode.c.h; path = WeatherDataController.h; sourceTree = "<group>"; };
		1D1AFDC118945F430022C53E /* WeatherDataController.m */ = {isa = PBXFileReference; fileEncoding = 4; lastKnownFileType = sourcecode.c.objc; path = WeatherDataController.m; sourceTree = "<group>"; };
		1D1AFDC4189460E30022C53E /* PredictionController.h */ = {isa = PBXFileReference; fileEncoding = 4; lastKnownFileType = sourcecode.c.h; path = PredictionController.h; sourceTree = "<group>"; };
		1D1AFDC5189460E30022C53E /* PredictionController.m */ = {isa = PBXFileReference; fileEncoding = 4; lastKnownFileType = sourcecode.c.objc; path = PredictionController.m; sourceTree = "<group>"; };
		1D1AFDC81894613A0022C53E /* DataController.h */ = {isa = PBXFileReference; fileEncoding = 4; lastKnownFileType = sourcecode.c.h; path = DataController.h; sourceTree = "<group>"; };
		1D1AFDC91894613A0022C53E /* DataController.m */ = {isa = PBXFileReference; fileEncoding = 4; lastKnownFileType = sourcecode.c.objc; path = DataController.m; sourceTree = "<group>"; };
		1D1AFDD21894E4890022C53E /* PebbleKit.framework */ = {isa = PBXFileReference; lastKnownFileType = wrapper.framework; path = PebbleKit.framework; sourceTree = "<group>"; };
		1D1AFDD51894E4900022C53E /* PebbleVendor.framework */ = {isa = PBXFileReference; lastKnownFileType = wrapper.framework; path = PebbleVendor.framework; sourceTree = "<group>"; };
		1D25C7B318950BC100E45692 /* EventKit.framework */ = {isa = PBXFileReference; lastKnownFileType = wrapper.framework; name = EventKit.framework; path = System/Library/Frameworks/EventKit.framework; sourceTree = SDKROOT; };
		C9B436AE18948B8C00FA2AA2 /* TrafficDataController.h */ = {isa = PBXFileReference; fileEncoding = 4; lastKnownFileType = sourcecode.c.h; path = TrafficDataController.h; sourceTree = "<group>"; };
		C9B436AF18948B8C00FA2AA2 /* TrafficDataController.m */ = {isa = PBXFileReference; fileEncoding = 4; lastKnownFileType = sourcecode.c.objc; path = TrafficDataController.m; sourceTree = "<group>"; };
/* End PBXFileReference section */

/* Begin PBXFrameworksBuildPhase section */
		1D1AFD6A1893F6780022C53E /* Frameworks */ = {
			isa = PBXFrameworksBuildPhase;
			buildActionMask = 2147483647;
			files = (
				1D1AFDBC189431080022C53E /* libz.dylib in Frameworks */,
				1D1AFDB61893F8A20022C53E /* ExternalAccessory.framework in Frameworks */,
				1D1AFDB41893F8960022C53E /* CoreBluetooth.framework in Frameworks */,
				1D1AFDB21893F88B0022C53E /* MessageUI.framework in Frameworks */,
				1D1AFDB01893F8760022C53E /* CoreLocation.framework in Frameworks */,
				1D1AFDAE1893F86B0022C53E /* CFNetwork.framework in Frameworks */,
				1D1AFDD61894E4900022C53E /* PebbleVendor.framework in Frameworks */,
				1D1AFDAC1893F83A0022C53E /* CoreMotion.framework in Frameworks */,
				1D1AFD731893F6780022C53E /* CoreGraphics.framework in Frameworks */,
				1D1AFD751893F6780022C53E /* UIKit.framework in Frameworks */,
				1D1AFD711893F6780022C53E /* Foundation.framework in Frameworks */,
				1D1AFDD31894E4890022C53E /* PebbleKit.framework in Frameworks */,
			);
			runOnlyForDeploymentPostprocessing = 0;
		};
		1D1AFD8B1893F6780022C53E /* Frameworks */ = {
			isa = PBXFrameworksBuildPhase;
			buildActionMask = 2147483647;
			files = (
				1D25C7B418950BC100E45692 /* EventKit.framework in Frameworks */,
				1D1AFD901893F6780022C53E /* XCTest.framework in Frameworks */,
				1D1AFDD71894E4900022C53E /* PebbleVendor.framework in Frameworks */,
				1D1AFDD41894E4890022C53E /* PebbleKit.framework in Frameworks */,
				1D1AFD921893F6780022C53E /* UIKit.framework in Frameworks */,
				1D1AFD911893F6780022C53E /* Foundation.framework in Frameworks */,
			);
			runOnlyForDeploymentPostprocessing = 0;
		};
/* End PBXFrameworksBuildPhase section */

/* Begin PBXGroup section */
		1D1AFD641893F6770022C53E = {
			isa = PBXGroup;
			children = (
				1D1AFD761893F6780022C53E /* Kiwi */,
				1D1AFD951893F6780022C53E /* KiwiTests */,
				1D1AFD6F1893F6780022C53E /* Frameworks */,
				1D1AFD6E1893F6780022C53E /* Products */,
			);
			sourceTree = "<group>";
		};
		1D1AFD6E1893F6780022C53E /* Products */ = {
			isa = PBXGroup;
			children = (
				1D1AFD6D1893F6780022C53E /* Kiwi.app */,
				1D1AFD8E1893F6780022C53E /* KiwiTests.xctest */,
			);
			name = Products;
			sourceTree = "<group>";
		};
		1D1AFD6F1893F6780022C53E /* Frameworks */ = {
			isa = PBXGroup;
			children = (
				1D25C7B318950BC100E45692 /* EventKit.framework */,
				1D1AFDD51894E4900022C53E /* PebbleVendor.framework */,
				1D1AFDD21894E4890022C53E /* PebbleKit.framework */,
				1D1AFDBB189431080022C53E /* libz.dylib */,
				1D1AFDB51893F8A20022C53E /* ExternalAccessory.framework */,
				1D1AFDB31893F8960022C53E /* CoreBluetooth.framework */,
				1D1AFDB11893F88B0022C53E /* MessageUI.framework */,
				1D1AFDAF1893F8760022C53E /* CoreLocation.framework */,
				1D1AFDAD1893F86B0022C53E /* CFNetwork.framework */,
				1D1AFDAB1893F83A0022C53E /* CoreMotion.framework */,
				1D1AFD701893F6780022C53E /* Foundation.framework */,
				1D1AFD721893F6780022C53E /* CoreGraphics.framework */,
				1D1AFD741893F6780022C53E /* UIKit.framework */,
				1D1AFD8F1893F6780022C53E /* XCTest.framework */,
			);
			name = Frameworks;
			sourceTree = "<group>";
		};
		1D1AFD761893F6780022C53E /* Kiwi */ = {
			isa = PBXGroup;
			children = (
				1D1AFD7F1893F6780022C53E /* AppDelegate.h */,
				1D1AFD801893F6780022C53E /* AppDelegate.m */,
				1D1AFDC81894613A0022C53E /* DataController.h */,
				1D1AFDC91894613A0022C53E /* DataController.m */,
				1D1AFDC4189460E30022C53E /* PredictionController.h */,
				1D1AFDC5189460E30022C53E /* PredictionController.m */,
				1D1AFDC018945F430022C53E /* WeatherDataController.h */,
				1D1AFDC118945F430022C53E /* WeatherDataController.m */,
				C9B436AE18948B8C00FA2AA2 /* TrafficDataController.h */,
				C9B436AF18948B8C00FA2AA2 /* TrafficDataController.m */,
				1D1AFD881893F6780022C53E /* Images.xcassets */,
				1D1AFD771893F6780022C53E /* Supporting Files */,
			);
			path = Kiwi;
			sourceTree = "<group>";
		};
		1D1AFD771893F6780022C53E /* Supporting Files */ = {
			isa = PBXGroup;
			children = (
				1D1AFD781893F6780022C53E /* Kiwi-Info.plist */,
				1D1AFD791893F6780022C53E /* InfoPlist.strings */,
				1D1AFD7C1893F6780022C53E /* main.m */,
				1D1AFD7E1893F6780022C53E /* Kiwi-Prefix.pch */,
			);
			name = "Supporting Files";
			sourceTree = "<group>";
		};
		1D1AFD951893F6780022C53E /* KiwiTests */ = {
			isa = PBXGroup;
			children = (
				1D1AFD9B1893F6780022C53E /* KiwiTests.m */,
				1D1AFD961893F6780022C53E /* Supporting Files */,
			);
			path = KiwiTests;
			sourceTree = "<group>";
		};
		1D1AFD961893F6780022C53E /* Supporting Files */ = {
			isa = PBXGroup;
			children = (
				1D1AFD971893F6780022C53E /* KiwiTests-Info.plist */,
				1D1AFD981893F6780022C53E /* InfoPlist.strings */,
			);
			name = "Supporting Files";
			sourceTree = "<group>";
		};
/* End PBXGroup section */

/* Begin PBXNativeTarget section */
		1D1AFD6C1893F6780022C53E /* Kiwi */ = {
			isa = PBXNativeTarget;
			buildConfigurationList = 1D1AFD9F1893F6780022C53E /* Build configuration list for PBXNativeTarget "Kiwi" */;
			buildPhases = (
				1D1AFD691893F6780022C53E /* Sources */,
				1D1AFD6A1893F6780022C53E /* Frameworks */,
				1D1AFD6B1893F6780022C53E /* Resources */,
			);
			buildRules = (
			);
			dependencies = (
			);
			name = Kiwi;
			productName = Kiwi;
			productReference = 1D1AFD6D1893F6780022C53E /* Kiwi.app */;
			productType = "com.apple.product-type.application";
		};
		1D1AFD8D1893F6780022C53E /* KiwiTests */ = {
			isa = PBXNativeTarget;
			buildConfigurationList = 1D1AFDA21893F6780022C53E /* Build configuration list for PBXNativeTarget "KiwiTests" */;
			buildPhases = (
				1D1AFD8A1893F6780022C53E /* Sources */,
				1D1AFD8B1893F6780022C53E /* Frameworks */,
				1D1AFD8C1893F6780022C53E /* Resources */,
			);
			buildRules = (
			);
			dependencies = (
				1D1AFD941893F6780022C53E /* PBXTargetDependency */,
			);
			name = KiwiTests;
			productName = KiwiTests;
			productReference = 1D1AFD8E1893F6780022C53E /* KiwiTests.xctest */;
			productType = "com.apple.product-type.bundle.unit-test";
		};
/* End PBXNativeTarget section */

/* Begin PBXProject section */
		1D1AFD651893F6780022C53E /* Project object */ = {
			isa = PBXProject;
			attributes = {
				LastUpgradeCheck = 0500;
				ORGANIZATIONNAME = TeamCocoaPebbles;
				TargetAttributes = {
					1D1AFD8D1893F6780022C53E = {
						TestTargetID = 1D1AFD6C1893F6780022C53E;
					};
				};
			};
			buildConfigurationList = 1D1AFD681893F6780022C53E /* Build configuration list for PBXProject "Kiwi" */;
			compatibilityVersion = "Xcode 3.2";
			developmentRegion = English;
			hasScannedForEncodings = 0;
			knownRegions = (
				en,
				Base,
			);
			mainGroup = 1D1AFD641893F6770022C53E;
			productRefGroup = 1D1AFD6E1893F6780022C53E /* Products */;
			projectDirPath = "";
			projectRoot = "";
			targets = (
				1D1AFD6C1893F6780022C53E /* Kiwi */,
				1D1AFD8D1893F6780022C53E /* KiwiTests */,
			);
		};
/* End PBXProject section */

/* Begin PBXResourcesBuildPhase section */
		1D1AFD6B1893F6780022C53E /* Resources */ = {
			isa = PBXResourcesBuildPhase;
			buildActionMask = 2147483647;
			files = (
				1D1AFD891893F6780022C53E /* Images.xcassets in Resources */,
				1D1AFD7B1893F6780022C53E /* InfoPlist.strings in Resources */,
			);
			runOnlyForDeploymentPostprocessing = 0;
		};
		1D1AFD8C1893F6780022C53E /* Resources */ = {
			isa = PBXResourcesBuildPhase;
			buildActionMask = 2147483647;
			files = (
				1D1AFD9A1893F6780022C53E /* InfoPlist.strings in Resources */,
			);
			runOnlyForDeploymentPostprocessing = 0;
		};
/* End PBXResourcesBuildPhase section */

/* Begin PBXSourcesBuildPhase section */
		1D1AFD691893F6780022C53E /* Sources */ = {
			isa = PBXSourcesBuildPhase;
			buildActionMask = 2147483647;
			files = (
				1D1AFD811893F6780022C53E /* AppDelegate.m in Sources */,
				1D1AFDC218945F430022C53E /* WeatherDataController.m in Sources */,
				1D1AFDC6189460E30022C53E /* PredictionController.m in Sources */,
				C9B436B018948B8C00FA2AA2 /* TrafficDataController.m in Sources */,
				1D1AFDCA1894613A0022C53E /* DataController.m in Sources */,
				1D1AFD7D1893F6780022C53E /* main.m in Sources */,
			);
			runOnlyForDeploymentPostprocessing = 0;
		};
		1D1AFD8A1893F6780022C53E /* Sources */ = {
			isa = PBXSourcesBuildPhase;
			buildActionMask = 2147483647;
			files = (
				1D1AFDC318945F430022C53E /* WeatherDataController.m in Sources */,
				1D1AFDCB1894613A0022C53E /* DataController.m in Sources */,
				1D1AFD9C1893F6780022C53E /* KiwiTests.m in Sources */,
				1D1AFDC7189460E30022C53E /* PredictionController.m in Sources */,
			);
			runOnlyForDeploymentPostprocessing = 0;
		};
/* End PBXSourcesBuildPhase section */

/* Begin PBXTargetDependency section */
		1D1AFD941893F6780022C53E /* PBXTargetDependency */ = {
			isa = PBXTargetDependency;
			target = 1D1AFD6C1893F6780022C53E /* Kiwi */;
			targetProxy = 1D1AFD931893F6780022C53E /* PBXContainerItemProxy */;
		};
/* End PBXTargetDependency section */

/* Begin PBXVariantGroup section */
		1D1AFD791893F6780022C53E /* InfoPlist.strings */ = {
			isa = PBXVariantGroup;
			children = (
				1D1AFD7A1893F6780022C53E /* en */,
			);
			name = InfoPlist.strings;
			sourceTree = "<group>";
		};
		1D1AFD981893F6780022C53E /* InfoPlist.strings */ = {
			isa = PBXVariantGroup;
			children = (
				1D1AFD991893F6780022C53E /* en */,
			);
			name = InfoPlist.strings;
			sourceTree = "<group>";
		};
/* End PBXVariantGroup section */

/* Begin XCBuildConfiguration section */
		1D1AFD9D1893F6780022C53E /* Debug */ = {
			isa = XCBuildConfiguration;
			buildSettings = {
				ALWAYS_SEARCH_USER_PATHS = NO;
				ARCHS = "$(ARCHS_STANDARD_INCLUDING_64_BIT)";
				CLANG_CXX_LANGUAGE_STANDARD = "gnu++0x";
				CLANG_CXX_LIBRARY = "libc++";
				CLANG_ENABLE_MODULES = YES;
				CLANG_ENABLE_OBJC_ARC = YES;
				CLANG_WARN_BOOL_CONVERSION = YES;
				CLANG_WARN_CONSTANT_CONVERSION = YES;
				CLANG_WARN_DIRECT_OBJC_ISA_USAGE = YES_ERROR;
				CLANG_WARN_EMPTY_BODY = YES;
				CLANG_WARN_ENUM_CONVERSION = YES;
				CLANG_WARN_INT_CONVERSION = YES;
				CLANG_WARN_OBJC_ROOT_CLASS = YES_ERROR;
				CLANG_WARN__DUPLICATE_METHOD_MATCH = YES;
				"CODE_SIGN_IDENTITY[sdk=iphoneos*]" = "iPhone Developer";
				COPY_PHASE_STRIP = NO;
				GCC_C_LANGUAGE_STANDARD = gnu99;
				GCC_DYNAMIC_NO_PIC = NO;
				GCC_OPTIMIZATION_LEVEL = 0;
				GCC_PREPROCESSOR_DEFINITIONS = (
					"DEBUG=1",
					"$(inherited)",
				);
				GCC_SYMBOLS_PRIVATE_EXTERN = NO;
				GCC_WARN_64_TO_32_BIT_CONVERSION = YES;
				GCC_WARN_ABOUT_RETURN_TYPE = YES_ERROR;
				GCC_WARN_UNDECLARED_SELECTOR = YES;
				GCC_WARN_UNINITIALIZED_AUTOS = YES;
				GCC_WARN_UNUSED_FUNCTION = YES;
				GCC_WARN_UNUSED_VARIABLE = YES;
				IPHONEOS_DEPLOYMENT_TARGET = 7.0;
				ONLY_ACTIVE_ARCH = YES;
				SDKROOT = iphoneos;
			};
			name = Debug;
		};
		1D1AFD9E1893F6780022C53E /* Release */ = {
			isa = XCBuildConfiguration;
			buildSettings = {
				ALWAYS_SEARCH_USER_PATHS = NO;
				ARCHS = "$(ARCHS_STANDARD_INCLUDING_64_BIT)";
				CLANG_CXX_LANGUAGE_STANDARD = "gnu++0x";
				CLANG_CXX_LIBRARY = "libc++";
				CLANG_ENABLE_MODULES = YES;
				CLANG_ENABLE_OBJC_ARC = YES;
				CLANG_WARN_BOOL_CONVERSION = YES;
				CLANG_WARN_CONSTANT_CONVERSION = YES;
				CLANG_WARN_DIRECT_OBJC_ISA_USAGE = YES_ERROR;
				CLANG_WARN_EMPTY_BODY = YES;
				CLANG_WARN_ENUM_CONVERSION = YES;
				CLANG_WARN_INT_CONVERSION = YES;
				CLANG_WARN_OBJC_ROOT_CLASS = YES_ERROR;
				CLANG_WARN__DUPLICATE_METHOD_MATCH = YES;
				"CODE_SIGN_IDENTITY[sdk=iphoneos*]" = "iPhone Developer";
				COPY_PHASE_STRIP = YES;
				ENABLE_NS_ASSERTIONS = NO;
				GCC_C_LANGUAGE_STANDARD = gnu99;
				GCC_WARN_64_TO_32_BIT_CONVERSION = YES;
				GCC_WARN_ABOUT_RETURN_TYPE = YES_ERROR;
				GCC_WARN_UNDECLARED_SELECTOR = YES;
				GCC_WARN_UNINITIALIZED_AUTOS = YES;
				GCC_WARN_UNUSED_FUNCTION = YES;
				GCC_WARN_UNUSED_VARIABLE = YES;
				IPHONEOS_DEPLOYMENT_TARGET = 7.0;
				SDKROOT = iphoneos;
				VALIDATE_PRODUCT = YES;
			};
			name = Release;
		};
		1D1AFDA01893F6780022C53E /* Debug */ = {
			isa = XCBuildConfiguration;
			buildSettings = {
				ASSETCATALOG_COMPILER_APPICON_NAME = AppIcon;
				ASSETCATALOG_COMPILER_LAUNCHIMAGE_NAME = LaunchImage;
				FRAMEWORK_SEARCH_PATHS = (
					"$(inherited)",
					"/Users/laurencewong/Documents/School/hackTECH\\ 2014/ios-app/Kiwi",
					"/Users/Francesca/Documents/ios-app/Kiwi",
				);
				GCC_PRECOMPILE_PREFIX_HEADER = YES;
				GCC_PREFIX_HEADER = "Kiwi/Kiwi-Prefix.pch";
				INFOPLIST_FILE = "Kiwi/Kiwi-Info.plist";
				OTHER_LDFLAGS = "-ObjC";
				PRODUCT_NAME = "$(TARGET_NAME)";
				WRAPPER_EXTENSION = app;
			};
			name = Debug;
		};
		1D1AFDA11893F6780022C53E /* Release */ = {
			isa = XCBuildConfiguration;
			buildSettings = {
				ASSETCATALOG_COMPILER_APPICON_NAME = AppIcon;
				ASSETCATALOG_COMPILER_LAUNCHIMAGE_NAME = LaunchImage;
				FRAMEWORK_SEARCH_PATHS = (
					"$(inherited)",
					"/Users/laurencewong/Documents/School/hackTECH\\ 2014/ios-app/Kiwi",
					"/Users/Francesca/Documents/ios-app/Kiwi",
				);
				GCC_PRECOMPILE_PREFIX_HEADER = YES;
				GCC_PREFIX_HEADER = "Kiwi/Kiwi-Prefix.pch";
				INFOPLIST_FILE = "Kiwi/Kiwi-Info.plist";
				OTHER_LDFLAGS = "-ObjC";
				PRODUCT_NAME = "$(TARGET_NAME)";
				WRAPPER_EXTENSION = app;
			};
			name = Release;
		};
		1D1AFDA31893F6780022C53E /* Debug */ = {
			isa = XCBuildConfiguration;
			buildSettings = {
				ARCHS = "$(ARCHS_STANDARD_INCLUDING_64_BIT)";
				BUNDLE_LOADER = "$(BUILT_PRODUCTS_DIR)/Kiwi.app/Kiwi";
				FRAMEWORK_SEARCH_PATHS = (
					"$(SDKROOT)/Developer/Library/Frameworks",
					"/Users/Francesca/Documents/ios-app/Kiwi",
				);
				GCC_PRECOMPILE_PREFIX_HEADER = YES;
				GCC_PREFIX_HEADER = "Kiwi/Kiwi-Prefix.pch";
				GCC_PREPROCESSOR_DEFINITIONS = (
					"DEBUG=1",
					"$(inherited)",
				);
				INFOPLIST_FILE = "KiwiTests/KiwiTests-Info.plist";
				PRODUCT_NAME = "$(TARGET_NAME)";
				TEST_HOST = "$(BUNDLE_LOADER)";
				WRAPPER_EXTENSION = xctest;
			};
			name = Debug;
		};
		1D1AFDA41893F6780022C53E /* Release */ = {
			isa = XCBuildConfiguration;
			buildSettings = {
				ARCHS = "$(ARCHS_STANDARD_INCLUDING_64_BIT)";
				BUNDLE_LOADER = "$(BUILT_PRODUCTS_DIR)/Kiwi.app/Kiwi";
				FRAMEWORK_SEARCH_PATHS = (
					"$(SDKROOT)/Developer/Library/Frameworks",
					"/Users/Francesca/Documents/ios-app/Kiwi",
				);
				GCC_PRECOMPILE_PREFIX_HEADER = YES;
				GCC_PREFIX_HEADER = "Kiwi/Kiwi-Prefix.pch";
				INFOPLIST_FILE = "KiwiTests/KiwiTests-Info.plist";
				PRODUCT_NAME = "$(TARGET_NAME)";
				TEST_HOST = "$(BUNDLE_LOADER)";
				WRAPPER_EXTENSION = xctest;
			};
			name = Release;
		};
/* End XCBuildConfiguration section */

/* Begin XCConfigurationList section */
		1D1AFD681893F6780022C53E /* Build configuration list for PBXProject "Kiwi" */ = {
			isa = XCConfigurationList;
			buildConfigurations = (
				1D1AFD9D1893F6780022C53E /* Debug */,
				1D1AFD9E1893F6780022C53E /* Release */,
			);
			defaultConfigurationIsVisible = 0;
			defaultConfigurationName = Release;
		};
		1D1AFD9F1893F6780022C53E /* Build configuration list for PBXNativeTarget "Kiwi" */ = {
			isa = XCConfigurationList;
			buildConfigurations = (
				1D1AFDA01893F6780022C53E /* Debug */,
				1D1AFDA11893F6780022C53E /* Release */,
			);
			defaultConfigurationIsVisible = 0;
			defaultConfigurationName = Release;
		};
		1D1AFDA21893F6780022C53E /* Build configuration list for PBXNativeTarget "KiwiTests" */ = {
			isa = XCConfigurationList;
			buildConfigurations = (
				1D1AFDA31893F6780022C53E /* Debug */,
				1D1AFDA41893F6780022C53E /* Release */,
			);
			defaultConfigurationIsVisible = 0;
			defaultConfigurationName = Release;
		};
/* End XCConfigurationList section */
	};
	rootObject = 1D1AFD651893F6780022C53E /* Project object */;
}
